{
  "name": "checkout-orchestration-service",
  "lockfileVersion": 3,
  "requires": true,
  "packages": {
    "": {
      "name": "checkout-orchestration-service",
      "devDependencies": {
        "codex-workflows": "0.4.11"
      },
      "engines": {
        "node": ">=22.0.0"
      }
    },
    "node_modules/codex-workflows": {
      "version": "0.4.11",
      "resolved": "https://registry.npmjs.org/codex-workflows/-/codex-workflows-0.4.11.tgz",
      "integrity": "sha512-2fPGjIyy5EI/dVAwE+aOgXsEjFMi66HCJfECYagb58LsvZW5T/7C/sXZWiw5Yz4SrARiHFsG/+DhXtKtf9Yz+Q==",
      "dev": true,
      "license": "MIT",
      "bin": {
        "codex-workflows": "bin/cli.js"
      },
      "engines": {
        "node": ">=22.0.0"
      }
    }
  }
}
